
Microsoft Visual Studio Solution File, Format Version 12.00
# Visual Studio 15
VisualStudioVersion = 15.0.28307.271
MinimumVisualStudioVersion = 10.0.40219.1
Project("{FAE04EC0-301F-11D3-BF4B-00C04F79EFBC}") = "Senai.InLock.WebApi", "Senai.InLock.WebApi\Senai.InLock.WebApi.csproj", "{399FD42E-3D99-45C1-BEB5-A7D9C7F13160}"
EndProject
Global
	GlobalSection(SolutionConfigurationPlatforms) = preSolution
		Debug|Any CPU = Debug|Any CPU
		Release|Any CPU = Release|Any CPU
	EndGlobalSection
	GlobalSection(ProjectConfigurationPlatforms) = postSolution
		{399FD42E-3D99-45C1-BEB5-A7D9C7F13160}.Debug|Any CPU.ActiveCfg = Debug|Any CPU
		{399FD42E-3D99-45C1-BEB5-A7D9C7F13160}.Debug|Any CPU.Build.0 = Debug|Any CPU
		{399FD42E-3D99-45C1-BEB5-A7D9C7F13160}.Release|Any CPU.ActiveCfg = Release|Any CPU
		{399FD42E-3D99-45C1-BEB5-A7D9C7F13160}.Release|Any CPU.Build.0 = Release|Any CPU
	EndGlobalSection
	GlobalSection(SolutionProperties) = preSolution
		HideSolutionNode = FALSE
	EndGlobalSection
	GlobalSection(ExtensibilityGlobals) = postSolution
		SolutionGuid = {9CAB2FA1-1600-47A5-924C-8C599E921C40}
	EndGlobalSection
EndGlobal
